
Microsoft Visual Studio Solution File, Format Version 12.00
# Visual Studio Version 17
VisualStudioVersion = 17.4.33213.308
MinimumVisualStudioVersion = 10.0.40219.1
Project("{9A19103F-16F7-4668-BE54-9A1E7A4F7556}") = "ETicaret", "ETicaret\ETicaret.csproj", "{8805DE7A-5955-4E29-9AD9-9F981F2CF5EF}"
EndProject
Global
	GlobalSection(SolutionConfigurationPlatforms) = preSolution
		Debug|Any CPU = Debug|Any CPU
		Release|Any CPU = Release|Any CPU
	EndGlobalSection
	GlobalSection(ProjectConfigurationPlatforms) = postSolution
		{8805DE7A-5955-4E29-9AD9-9F981F2CF5EF}.Debug|Any CPU.ActiveCfg = Debug|Any CPU
		{8805DE7A-5955-4E29-9AD9-9F981F2CF5EF}.Debug|Any CPU.Build.0 = Debug|Any CPU
		{8805DE7A-5955-4E29-9AD9-9F981F2CF5EF}.Release|Any CPU.ActiveCfg = Release|Any CPU
		{8805DE7A-5955-4E29-9AD9-9F981F2CF5EF}.Release|Any CPU.Build.0 = Release|Any CPU
	EndGlobalSection
	GlobalSection(SolutionProperties) = preSolution
		HideSolutionNode = FALSE
	EndGlobalSection
	GlobalSection(ExtensibilityGlobals) = postSolution
		SolutionGuid = {2767B65B-364B-467D-8D95-B57E860B8BF4}
	EndGlobalSection
EndGlobal
